github.com/nomad-software/assert v0.0.0-20220415191247-d429162c030f h1:1o8QIcbs50AZtpKkgIo4FTUd68ccsL3z6oeK4hCpAVk=
github.com/nomad-software/assert v0.0.0-20220415191247-d429162c030f/go.mod h1:2HkTbeDGL6wHIinthNud7Boch1WohoEKO6jEXZ63C4g=
golang.org/x/exp v0.0.0-20220414153411-bcd21879b8fd h1:zVFyTKZN/Q7mNRWSs1GOYnHM9NiFSJ54YVRsD0rNWT4=
golang.org/x/exp v0.0.0-20220414153411-bcd21879b8fd/go.mod h1:lgLbSvA5ygNOMpwM/9anMpWVlVJ7Z+cHWq/eFuinpGE=
